
Microsoft Visual Studio Solution File, Format Version 12.00
# Visual Studio 15
VisualStudioVersion = 15.0.28307.421
MinimumVisualStudioVersion = 10.0.40219.1
Project("{FAE04EC0-301F-11D3-BF4B-00C04F79EFBC}") = "GameChallenge", "GameChallenge\GameChallenge.csproj", "{407338BE-ADC6-4253-B46E-7422105AE0A3}"
EndProject
Global
	GlobalSection(SolutionConfigurationPlatforms) = preSolution
		Debug|Any CPU = Debug|Any CPU
		Release|Any CPU = Release|Any CPU
	EndGlobalSection
	GlobalSection(ProjectConfigurationPlatforms) = postSolution
		{407338BE-ADC6-4253-B46E-7422105AE0A3}.Debug|Any CPU.ActiveCfg = Debug|Any CPU
		{407338BE-ADC6-4253-B46E-7422105AE0A3}.Debug|Any CPU.Build.0 = Debug|Any CPU
		{407338BE-ADC6-4253-B46E-7422105AE0A3}.Release|Any CPU.ActiveCfg = Release|Any CPU
		{407338BE-ADC6-4253-B46E-7422105AE0A3}.Release|Any CPU.Build.0 = Release|Any CPU
	EndGlobalSection
	GlobalSection(SolutionProperties) = preSolution
		HideSolutionNode = FALSE
	EndGlobalSection
	GlobalSection(ExtensibilityGlobals) = postSolution
		SolutionGuid = {2BDC8362-B28B-4297-AFBA-DFE100D2B3AF}
	EndGlobalSection
EndGlobal
