
Microsoft Visual Studio Solution File, Format Version 12.00
# Visual Studio 15
VisualStudioVersion = 15.0.28307.168
MinimumVisualStudioVersion = 10.0.40219.1
Project("{FAE04EC0-301F-11D3-BF4B-00C04F79EFBC}") = "DrawBoardV3Sean", "DrawBoardV3Sean\DrawBoardV3Sean.csproj", "{419768CE-5C5D-44ED-A335-A97DB314B885}"
EndProject
Global
	GlobalSection(SolutionConfigurationPlatforms) = preSolution
		Debug|Any CPU = Debug|Any CPU
		Release|Any CPU = Release|Any CPU
	EndGlobalSection
	GlobalSection(ProjectConfigurationPlatforms) = postSolution
		{419768CE-5C5D-44ED-A335-A97DB314B885}.Debug|Any CPU.ActiveCfg = Debug|Any CPU
		{419768CE-5C5D-44ED-A335-A97DB314B885}.Debug|Any CPU.Build.0 = Debug|Any CPU
		{419768CE-5C5D-44ED-A335-A97DB314B885}.Release|Any CPU.ActiveCfg = Release|Any CPU
		{419768CE-5C5D-44ED-A335-A97DB314B885}.Release|Any CPU.Build.0 = Release|Any CPU
	EndGlobalSection
	GlobalSection(SolutionProperties) = preSolution
		HideSolutionNode = FALSE
	EndGlobalSection
	GlobalSection(ExtensibilityGlobals) = postSolution
		SolutionGuid = {D4445EDE-29A4-45B7-93D8-617FB8C397FF}
	EndGlobalSection
EndGlobal
